
Microsoft Visual Studio Solution File, Format Version 12.00
# Visual Studio Version 17
VisualStudioVersion = 17.5.33627.172
MinimumVisualStudioVersion = 10.0.40219.1
Project("{9A19103F-16F7-4668-BE54-9A1E7A4F7556}") = "EstudosBasicos", "..\EstudosBasicos\EstudosBasicos.csproj", "{9AC556FC-C29E-45AA-A400-313C7FC9AFBC}"
EndProject
Project("{9A19103F-16F7-4668-BE54-9A1E7A4F7556}") = "SaidaDeDados", "..\SaidaDeDados\SaidaDeDados.csproj", "{2EA1FA03-4C18-42A6-B136-F39AF6B329E5}"
EndProject
Project("{9A19103F-16F7-4668-BE54-9A1E7A4F7556}") = "ExercioSaidaDeDados", "..\ExercioSaidaDeDados\ExercioSaidaDeDados.csproj", "{567E97FD-C920-4178-9107-74A0681AC312}"
EndProject
Project("{9A19103F-16F7-4668-BE54-9A1E7A4F7556}") = "EntradaDeDados", "EntradaDeDados\EntradaDeDados.csproj", "{1124F281-39CA-4188-8CAA-A261C28EA57C}"
EndProject
Project("{FAE04EC0-301F-11D3-BF4B-00C04F79EFBC}") = "TarefaProposta2EntradaDeDados", "TarefaProposta2EntradaDeDados\TarefaProposta2EntradaDeDados.csproj", "{6374CC2B-6B4C-4A9A-A110-37649E42EC84}"
EndProject
Global
	GlobalSection(SolutionConfigurationPlatforms) = preSolution
		Debug|Any CPU = Debug|Any CPU
		Release|Any CPU = Release|Any CPU
	EndGlobalSection
	GlobalSection(ProjectConfigurationPlatforms) = postSolution
		{9AC556FC-C29E-45AA-A400-313C7FC9AFBC}.Debug|Any CPU.ActiveCfg = Debug|Any CPU
		{9AC556FC-C29E-45AA-A400-313C7FC9AFBC}.Debug|Any CPU.Build.0 = Debug|Any CPU
		{9AC556FC-C29E-45AA-A400-313C7FC9AFBC}.Release|Any CPU.ActiveCfg = Release|Any CPU
		{9AC556FC-C29E-45AA-A400-313C7FC9AFBC}.Release|Any CPU.Build.0 = Release|Any CPU
		{2EA1FA03-4C18-42A6-B136-F39AF6B329E5}.Debug|Any CPU.ActiveCfg = Debug|Any CPU
		{2EA1FA03-4C18-42A6-B136-F39AF6B329E5}.Debug|Any CPU.Build.0 = Debug|Any CPU
		{2EA1FA03-4C18-42A6-B136-F39AF6B329E5}.Release|Any CPU.ActiveCfg = Release|Any CPU
		{2EA1FA03-4C18-42A6-B136-F39AF6B329E5}.Release|Any CPU.Build.0 = Release|Any CPU
		{567E97FD-C920-4178-9107-74A0681AC312}.Debug|Any CPU.ActiveCfg = Debug|Any CPU
		{567E97FD-C920-4178-9107-74A0681AC312}.Debug|Any CPU.Build.0 = Debug|Any CPU
		{567E97FD-C920-4178-9107-74A0681AC312}.Release|Any CPU.ActiveCfg = Release|Any CPU
		{567E97FD-C920-4178-9107-74A0681AC312}.Release|Any CPU.Build.0 = Release|Any CPU
		{1124F281-39CA-4188-8CAA-A261C28EA57C}.Debug|Any CPU.ActiveCfg = Debug|Any CPU
		{1124F281-39CA-4188-8CAA-A261C28EA57C}.Debug|Any CPU.Build.0 = Debug|Any CPU
		{1124F281-39CA-4188-8CAA-A261C28EA57C}.Release|Any CPU.ActiveCfg = Release|Any CPU
		{1124F281-39CA-4188-8CAA-A261C28EA57C}.Release|Any CPU.Build.0 = Release|Any CPU
		{6374CC2B-6B4C-4A9A-A110-37649E42EC84}.Debug|Any CPU.ActiveCfg = Debug|Any CPU
		{6374CC2B-6B4C-4A9A-A110-37649E42EC84}.Debug|Any CPU.Build.0 = Debug|Any CPU
		{6374CC2B-6B4C-4A9A-A110-37649E42EC84}.Release|Any CPU.ActiveCfg = Release|Any CPU
		{6374CC2B-6B4C-4A9A-A110-37649E42EC84}.Release|Any CPU.Build.0 = Release|Any CPU
	EndGlobalSection
	GlobalSection(SolutionProperties) = preSolution
		HideSolutionNode = FALSE
	EndGlobalSection
	GlobalSection(ExtensibilityGlobals) = postSolution
		SolutionGuid = {23D14FBA-197E-4A2D-A85C-1F3A36009333}
	EndGlobalSection
EndGlobal
